
Microsoft Visual Studio Solution File, Format Version 12.00
# Visual Studio Version 16
VisualStudioVersion = 16.0.29806.167
MinimumVisualStudioVersion = 10.0.40219.1
Project("{FAE04EC0-301F-11D3-BF4B-00C04F79EFBC}") = "Temperature_Sensor", "Temperature_Sensor\Temperature_Sensor.csproj", "{52E61324-0871-4E46-861F-AAAACDF23985}"
EndProject
Project("{FAE04EC0-301F-11D3-BF4B-00C04F79EFBC}") = "SimTemperData", "SimTemperData\SimTemperData.csproj", "{3E55FCFD-8577-46E7-918E-0A5AEADECFCF}"
EndProject
Global
	GlobalSection(SolutionConfigurationPlatforms) = preSolution
		Debug|Any CPU = Debug|Any CPU
		Release|Any CPU = Release|Any CPU
	EndGlobalSection
	GlobalSection(ProjectConfigurationPlatforms) = postSolution
		{52E61324-0871-4E46-861F-AAAACDF23985}.Debug|Any CPU.ActiveCfg = Debug|Any CPU
		{52E61324-0871-4E46-861F-AAAACDF23985}.Debug|Any CPU.Build.0 = Debug|Any CPU
		{52E61324-0871-4E46-861F-AAAACDF23985}.Release|Any CPU.ActiveCfg = Release|Any CPU
		{52E61324-0871-4E46-861F-AAAACDF23985}.Release|Any CPU.Build.0 = Release|Any CPU
		{3E55FCFD-8577-46E7-918E-0A5AEADECFCF}.Debug|Any CPU.ActiveCfg = Debug|Any CPU
		{3E55FCFD-8577-46E7-918E-0A5AEADECFCF}.Debug|Any CPU.Build.0 = Debug|Any CPU
		{3E55FCFD-8577-46E7-918E-0A5AEADECFCF}.Release|Any CPU.ActiveCfg = Release|Any CPU
		{3E55FCFD-8577-46E7-918E-0A5AEADECFCF}.Release|Any CPU.Build.0 = Release|Any CPU
	EndGlobalSection
	GlobalSection(SolutionProperties) = preSolution
		HideSolutionNode = FALSE
	EndGlobalSection
	GlobalSection(ExtensibilityGlobals) = postSolution
		SolutionGuid = {18E04C2C-EFE8-4A9C-AC2B-74887461D21E}
	EndGlobalSection
EndGlobal
